<?xml version="1.0" encoding="UTF-8"?>
<CodeBlocks_project_file>
	<FileVersion major="1" minor="6"/>
	<Project>
		<Option title="pvdss"/>
		<Option makefile_is_custom="1"/>
		<Option compiler="clang"/>
		<Option virtualFolders="CMake Files\;"/>
		<Build>
			<Target title="all">
				<Option working_dir="/home/mikz-admin/Yandex.Disk/ElProArc/PVDSS/projects_linux/build-PVDSS-unknown-u041fu043e u0443u043cu043eu043bu0447u0430u043du0438u044e"/>
				<Option type="4"/>
				<MakeCommands>
					<Build command="/usr/bin/make -j4 -f &quot;/home/mikz-admin/Yandex.Disk/ElProArc/PVDSS/projects_linux/build-PVDSS-unknown-u041fu043e\ u0443u043cu043eu043bu0447u0430u043du0438u044e/Makefile&quot;  VERBOSE=1 all"/>
					<CompileFile command="/usr/bin/make -j4 -f &quot;/home/mikz-admin/Yandex.Disk/ElProArc/PVDSS/projects_linux/build-PVDSS-unknown-u041fu043e\ u0443u043cu043eu043bu0447u0430u043du0438u044e/Makefile&quot;  VERBOSE=1 &quot;$file&quot;"/>
					<Clean command="/usr/bin/make -j4 -f &quot;/home/mikz-admin/Yandex.Disk/ElProArc/PVDSS/projects_linux/build-PVDSS-unknown-u041fu043e\ u0443u043cu043eu043bu0447u0430u043du0438u044e/Makefile&quot;  VERBOSE=1 clean"/>
					<DistClean command="/usr/bin/make -j4 -f &quot;/home/mikz-admin/Yandex.Disk/ElProArc/PVDSS/projects_linux/build-PVDSS-unknown-u041fu043e\ u0443u043cu043eu043bu0447u0430u043du0438u044e/Makefile&quot;  VERBOSE=1 clean"/>
				</MakeCommands>
			</Target>
			<Target title="install/strip">
				<Option working_dir="/home/mikz-admin/Yandex.Disk/ElProArc/PVDSS/projects_linux/build-PVDSS-unknown-u041fu043e u0443u043cu043eu043bu0447u0430u043du0438u044e"/>
				<Option type="4"/>
				<MakeCommands>
					<Build command="/usr/bin/make -j4 -f &quot;/home/mikz-admin/Yandex.Disk/ElProArc/PVDSS/projects_linux/build-PVDSS-unknown-u041fu043e\ u0443u043cu043eu043bu0447u0430u043du0438u044e/Makefile&quot;  VERBOSE=1 install/strip"/>
					<CompileFile command="/usr/bin/make -j4 -f &quot;/home/mikz-admin/Yandex.Disk/ElProArc/PVDSS/projects_linux/build-PVDSS-unknown-u041fu043e\ u0443u043cu043eu043bu0447u0430u043du0438u044e/Makefile&quot;  VERBOSE=1 &quot;$file&quot;"/>
					<Clean command="/usr/bin/make -j4 -f &quot;/home/mikz-admin/Yandex.Disk/ElProArc/PVDSS/projects_linux/build-PVDSS-unknown-u041fu043e\ u0443u043cu043eu043bu0447u0430u043du0438u044e/Makefile&quot;  VERBOSE=1 clean"/>
					<DistClean command="/usr/bin/make -j4 -f &quot;/home/mikz-admin/Yandex.Disk/ElProArc/PVDSS/projects_linux/build-PVDSS-unknown-u041fu043e\ u0443u043cu043eu043bu0447u0430u043du0438u044e/Makefile&quot;  VERBOSE=1 clean"/>
				</MakeCommands>
			</Target>
			<Target title="install/local">
				<Option working_dir="/home/mikz-admin/Yandex.Disk/ElProArc/PVDSS/projects_linux/build-PVDSS-unknown-u041fu043e u0443u043cu043eu043bu0447u0430u043du0438u044e"/>
				<Option type="4"/>
				<MakeCommands>
					<Build command="/usr/bin/make -j4 -f &quot;/home/mikz-admin/Yandex.Disk/ElProArc/PVDSS/projects_linux/build-PVDSS-unknown-u041fu043e\ u0443u043cu043eu043bu0447u0430u043du0438u044e/Makefile&quot;  VERBOSE=1 install/local"/>
					<CompileFile command="/usr/bin/make -j4 -f &quot;/home/mikz-admin/Yandex.Disk/ElProArc/PVDSS/projects_linux/build-PVDSS-unknown-u041fu043e\ u0443u043cu043eu043bu0447u0430u043du0438u044e/Makefile&quot;  VERBOSE=1 &quot;$file&quot;"/>
					<Clean command="/usr/bin/make -j4 -f &quot;/home/mikz-admin/Yandex.Disk/ElProArc/PVDSS/projects_linux/build-PVDSS-unknown-u041fu043e\ u0443u043cu043eu043bu0447u0430u043du0438u044e/Makefile&quot;  VERBOSE=1 clean"/>
					<DistClean command="/usr/bin/make -j4 -f &quot;/home/mikz-admin/Yandex.Disk/ElProArc/PVDSS/projects_linux/build-PVDSS-unknown-u041fu043e\ u0443u043cu043eu043bu0447u0430u043du0438u044e/Makefile&quot;  VERBOSE=1 clean"/>
				</MakeCommands>
			</Target>
			<Target title="edit_cache">
				<Option working_dir="/home/mikz-admin/Yandex.Disk/ElProArc/PVDSS/projects_linux/build-PVDSS-unknown-u041fu043e u0443u043cu043eu043bu0447u0430u043du0438u044e"/>
				<Option type="4"/>
				<MakeCommands>
					<Build command="/usr/bin/make -j4 -f &quot;/home/mikz-admin/Yandex.Disk/ElProArc/PVDSS/projects_linux/build-PVDSS-unknown-u041fu043e\ u0443u043cu043eu043bu0447u0430u043du0438u044e/Makefile&quot;  VERBOSE=1 edit_cache"/>
					<CompileFile command="/usr/bin/make -j4 -f &quot;/home/mikz-admin/Yandex.Disk/ElProArc/PVDSS/projects_linux/build-PVDSS-unknown-u041fu043e\ u0443u043cu043eu043bu0447u0430u043du0438u044e/Makefile&quot;  VERBOSE=1 &quot;$file&quot;"/>
					<Clean command="/usr/bin/make -j4 -f &quot;/home/mikz-admin/Yandex.Disk/ElProArc/PVDSS/projects_linux/build-PVDSS-unknown-u041fu043e\ u0443u043cu043eu043bu0447u0430u043du0438u044e/Makefile&quot;  VERBOSE=1 clean"/>
					<DistClean command="/usr/bin/make -j4 -f &quot;/home/mikz-admin/Yandex.Disk/ElProArc/PVDSS/projects_linux/build-PVDSS-unknown-u041fu043e\ u0443u043cu043eu043bu0447u0430u043du0438u044e/Makefile&quot;  VERBOSE=1 clean"/>
				</MakeCommands>
			</Target>
			<Target title="rebuild_cache">
				<Option working_dir="/home/mikz-admin/Yandex.Disk/ElProArc/PVDSS/projects_linux/build-PVDSS-unknown-u041fu043e u0443u043cu043eu043bu0447u0430u043du0438u044e"/>
				<Option type="4"/>
				<MakeCommands>
					<Build command="/usr/bin/make -j4 -f &quot;/home/mikz-admin/Yandex.Disk/ElProArc/PVDSS/projects_linux/build-PVDSS-unknown-u041fu043e\ u0443u043cu043eu043bu0447u0430u043du0438u044e/Makefile&quot;  VERBOSE=1 rebuild_cache"/>
					<CompileFile command="/usr/bin/make -j4 -f &quot;/home/mikz-admin/Yandex.Disk/ElProArc/PVDSS/projects_linux/build-PVDSS-unknown-u041fu043e\ u0443u043cu043eu043bu0447u0430u043du0438u044e/Makefile&quot;  VERBOSE=1 &quot;$file&quot;"/>
					<Clean command="/usr/bin/make -j4 -f &quot;/home/mikz-admin/Yandex.Disk/ElProArc/PVDSS/projects_linux/build-PVDSS-unknown-u041fu043e\ u0443u043cu043eu043bu0447u0430u043du0438u044e/Makefile&quot;  VERBOSE=1 clean"/>
					<DistClean command="/usr/bin/make -j4 -f &quot;/home/mikz-admin/Yandex.Disk/ElProArc/PVDSS/projects_linux/build-PVDSS-unknown-u041fu043e\ u0443u043cu043eu043bu0447u0430u043du0438u044e/Makefile&quot;  VERBOSE=1 clean"/>
				</MakeCommands>
			</Target>
			<Target title="pvdss">
				<Option output="/home/mikz-admin/Yandex.Disk/ElProArc/PVDSS/projects_linux/build-PVDSS-unknown-u041fu043e u0443u043cu043eu043bu0447u0430u043du0438u044e/pvdss" prefix_auto="0" extension_auto="0"/>
				<Option working_dir="/home/mikz-admin/Yandex.Disk/ElProArc/PVDSS/projects_linux/build-PVDSS-unknown-u041fu043e u0443u043cu043eu043bu0447u0430u043du0438u044e"/>
				<Option object_output="./"/>
				<Option type="1"/>
				<Option compiler="clang"/>
				<Compiler>
					<Add directory="/usr/include/qt4/QtDesigner"/>
					<Add directory="/usr/include/qt4/QtDeclarative"/>
					<Add directory="/usr/include/qt4/QtScriptTools"/>
					<Add directory="/usr/include/qt4/QtDBus"/>
					<Add directory="/usr/include/qt4/QtXml"/>
					<Add directory="/usr/include/qt4/QtSql"/>
					<Add directory="/usr/include/qt4/QtOpenGL"/>
					<Add directory="/usr/include/qt4/QtNetwork"/>
					<Add directory="/usr/include/qt4/phonon"/>
					<Add directory="/usr/include/qt4/QtXmlPatterns"/>
					<Add directory="/usr/include/qt4/QtHelp"/>
					<Add directory="/usr/include/qt4/QtUiTools"/>
					<Add directory="/usr/include/qt4/QtTest"/>
					<Add directory="/usr/include/qt4/QtScript"/>
					<Add directory="/usr/include/qt4/QtSvg"/>
					<Add directory="/usr/include/qt4/Qt3Support"/>
					<Add directory="/usr/include/qt4/QtGui"/>
					<Add directory="/usr/include/qt4/QtCore"/>
					<Add directory="/usr/share/qt4/mkspecs/default"/>
					<Add directory="/usr/include/qt4"/>
					<Add directory="/home/mikz-admin/Yandex.Disk/ElProArc/PVDSS/projects_linux/build-PVDSS-unknown-u041fu043e u0443u043cu043eu043bu0447u0430u043du0438u044e"/>
					<Add directory="/usr/lib/gcc/x86_64-linux-gnu/8/../../../../include/c++/8"/>
					<Add directory="/usr/lib/gcc/x86_64-linux-gnu/8/../../../../include/x86_64-linux-gnu/c++/8"/>
					<Add directory="/usr/lib/gcc/x86_64-linux-gnu/8/../../../../include/c++/8/backward"/>
					<Add directory="/usr/local/include"/>
					<Add directory="/home/mikz-admin/Android/Sdk/ndk/21.0.6113669/toolchains/llvm/prebuilt/linux-x86_64/lib64/clang/9.0.8/include"/>
					<Add directory="/usr/include/x86_64-linux-gnu"/>
					<Add directory="/usr/include"/>
				</Compiler>
				<MakeCommands>
					<Build command="/usr/bin/make -j4 -f &quot;/home/mikz-admin/Yandex.Disk/ElProArc/PVDSS/projects_linux/build-PVDSS-unknown-u041fu043e\ u0443u043cu043eu043bu0447u0430u043du0438u044e/Makefile&quot;  VERBOSE=1 pvdss"/>
					<CompileFile command="/usr/bin/make -j4 -f &quot;/home/mikz-admin/Yandex.Disk/ElProArc/PVDSS/projects_linux/build-PVDSS-unknown-u041fu043e\ u0443u043cu043eu043bu0447u0430u043du0438u044e/Makefile&quot;  VERBOSE=1 &quot;$file&quot;"/>
					<Clean command="/usr/bin/make -j4 -f &quot;/home/mikz-admin/Yandex.Disk/ElProArc/PVDSS/projects_linux/build-PVDSS-unknown-u041fu043e\ u0443u043cu043eu043bu0447u0430u043du0438u044e/Makefile&quot;  VERBOSE=1 clean"/>
					<DistClean command="/usr/bin/make -j4 -f &quot;/home/mikz-admin/Yandex.Disk/ElProArc/PVDSS/projects_linux/build-PVDSS-unknown-u041fu043e\ u0443u043cu043eu043bu0447u0430u043du0438u044e/Makefile&quot;  VERBOSE=1 clean"/>
				</MakeCommands>
			</Target>
			<Target title="pvdss/fast">
				<Option output="/home/mikz-admin/Yandex.Disk/ElProArc/PVDSS/projects_linux/build-PVDSS-unknown-u041fu043e u0443u043cu043eu043bu0447u0430u043du0438u044e/pvdss" prefix_auto="0" extension_auto="0"/>
				<Option working_dir="/home/mikz-admin/Yandex.Disk/ElProArc/PVDSS/projects_linux/build-PVDSS-unknown-u041fu043e u0443u043cu043eu043bu0447u0430u043du0438u044e"/>
				<Option object_output="./"/>
				<Option type="1"/>
				<Option compiler="clang"/>
				<Compiler>
					<Add directory="/usr/include/qt4/QtDesigner"/>
					<Add directory="/usr/include/qt4/QtDeclarative"/>
					<Add directory="/usr/include/qt4/QtScriptTools"/>
					<Add directory="/usr/include/qt4/QtDBus"/>
					<Add directory="/usr/include/qt4/QtXml"/>
					<Add directory="/usr/include/qt4/QtSql"/>
					<Add directory="/usr/include/qt4/QtOpenGL"/>
					<Add directory="/usr/include/qt4/QtNetwork"/>
					<Add directory="/usr/include/qt4/phonon"/>
					<Add directory="/usr/include/qt4/QtXmlPatterns"/>
					<Add directory="/usr/include/qt4/QtHelp"/>
					<Add directory="/usr/include/qt4/QtUiTools"/>
					<Add directory="/usr/include/qt4/QtTest"/>
					<Add directory="/usr/include/qt4/QtScript"/>
					<Add directory="/usr/include/qt4/QtSvg"/>
					<Add directory="/usr/include/qt4/Qt3Support"/>
					<Add directory="/usr/include/qt4/QtGui"/>
					<Add directory="/usr/include/qt4/QtCore"/>
					<Add directory="/usr/share/qt4/mkspecs/default"/>
					<Add directory="/usr/include/qt4"/>
					<Add directory="/home/mikz-admin/Yandex.Disk/ElProArc/PVDSS/projects_linux/build-PVDSS-unknown-u041fu043e u0443u043cu043eu043bu0447u0430u043du0438u044e"/>
					<Add directory="/usr/lib/gcc/x86_64-linux-gnu/8/../../../../include/c++/8"/>
					<Add directory="/usr/lib/gcc/x86_64-linux-gnu/8/../../../../include/x86_64-linux-gnu/c++/8"/>
					<Add directory="/usr/lib/gcc/x86_64-linux-gnu/8/../../../../include/c++/8/backward"/>
					<Add directory="/usr/local/include"/>
					<Add directory="/home/mikz-admin/Android/Sdk/ndk/21.0.6113669/toolchains/llvm/prebuilt/linux-x86_64/lib64/clang/9.0.8/include"/>
					<Add directory="/usr/include/x86_64-linux-gnu"/>
					<Add directory="/usr/include"/>
				</Compiler>
				<MakeCommands>
					<Build command="/usr/bin/make -j4 -f &quot;/home/mikz-admin/Yandex.Disk/ElProArc/PVDSS/projects_linux/build-PVDSS-unknown-u041fu043e\ u0443u043cu043eu043bu0447u0430u043du0438u044e/Makefile&quot;  VERBOSE=1 pvdss/fast"/>
					<CompileFile command="/usr/bin/make -j4 -f &quot;/home/mikz-admin/Yandex.Disk/ElProArc/PVDSS/projects_linux/build-PVDSS-unknown-u041fu043e\ u0443u043cu043eu043bu0447u0430u043du0438u044e/Makefile&quot;  VERBOSE=1 &quot;$file&quot;"/>
					<Clean command="/usr/bin/make -j4 -f &quot;/home/mikz-admin/Yandex.Disk/ElProArc/PVDSS/projects_linux/build-PVDSS-unknown-u041fu043e\ u0443u043cu043eu043bu0447u0430u043du0438u044e/Makefile&quot;  VERBOSE=1 clean"/>
					<DistClean command="/usr/bin/make -j4 -f &quot;/home/mikz-admin/Yandex.Disk/ElProArc/PVDSS/projects_linux/build-PVDSS-unknown-u041fu043e\ u0443u043cu043eu043bu0447u0430u043du0438u044e/Makefile&quot;  VERBOSE=1 clean"/>
				</MakeCommands>
			</Target>
			<Target title="list_install_components">
				<Option working_dir="/home/mikz-admin/Yandex.Disk/ElProArc/PVDSS/projects_linux/build-PVDSS-unknown-u041fu043e u0443u043cu043eu043bu0447u0430u043du0438u044e"/>
				<Option type="4"/>
				<MakeCommands>
					<Build command="/usr/bin/make -j4 -f &quot;/home/mikz-admin/Yandex.Disk/ElProArc/PVDSS/projects_linux/build-PVDSS-unknown-u041fu043e\ u0443u043cu043eu043bu0447u0430u043du0438u044e/Makefile&quot;  VERBOSE=1 list_install_components"/>
					<CompileFile command="/usr/bin/make -j4 -f &quot;/home/mikz-admin/Yandex.Disk/ElProArc/PVDSS/projects_linux/build-PVDSS-unknown-u041fu043e\ u0443u043cu043eu043bu0447u0430u043du0438u044e/Makefile&quot;  VERBOSE=1 &quot;$file&quot;"/>
					<Clean command="/usr/bin/make -j4 -f &quot;/home/mikz-admin/Yandex.Disk/ElProArc/PVDSS/projects_linux/build-PVDSS-unknown-u041fu043e\ u0443u043cu043eu043bu0447u0430u043du0438u044e/Makefile&quot;  VERBOSE=1 clean"/>
					<DistClean command="/usr/bin/make -j4 -f &quot;/home/mikz-admin/Yandex.Disk/ElProArc/PVDSS/projects_linux/build-PVDSS-unknown-u041fu043e\ u0443u043cu043eu043bu0447u0430u043du0438u044e/Makefile&quot;  VERBOSE=1 clean"/>
				</MakeCommands>
			</Target>
			<Target title="install">
				<Option working_dir="/home/mikz-admin/Yandex.Disk/ElProArc/PVDSS/projects_linux/build-PVDSS-unknown-u041fu043e u0443u043cu043eu043bu0447u0430u043du0438u044e"/>
				<Option type="4"/>
				<MakeCommands>
					<Build command="/usr/bin/make -j4 -f &quot;/home/mikz-admin/Yandex.Disk/ElProArc/PVDSS/projects_linux/build-PVDSS-unknown-u041fu043e\ u0443u043cu043eu043bu0447u0430u043du0438u044e/Makefile&quot;  VERBOSE=1 install"/>
					<CompileFile command="/usr/bin/make -j4 -f &quot;/home/mikz-admin/Yandex.Disk/ElProArc/PVDSS/projects_linux/build-PVDSS-unknown-u041fu043e\ u0443u043cu043eu043bu0447u0430u043du0438u044e/Makefile&quot;  VERBOSE=1 &quot;$file&quot;"/>
					<Clean command="/usr/bin/make -j4 -f &quot;/home/mikz-admin/Yandex.Disk/ElProArc/PVDSS/projects_linux/build-PVDSS-unknown-u041fu043e\ u0443u043cu043eu043bu0447u0430u043du0438u044e/Makefile&quot;  VERBOSE=1 clean"/>
					<DistClean command="/usr/bin/make -j4 -f &quot;/home/mikz-admin/Yandex.Disk/ElProArc/PVDSS/projects_linux/build-PVDSS-unknown-u041fu043e\ u0443u043cu043eu043bu0447u0430u043du0438u044e/Makefile&quot;  VERBOSE=1 clean"/>
				</MakeCommands>
			</Target>
		</Build>
		<Unit filename="/home/mikz-admin/Yandex.Disk/ElProArc/PVDSS/projects_linux/PVDSS/PVDSS.cpp">
			<Option target="pvdss"/>
		</Unit>
		<Unit filename="/home/mikz-admin/Yandex.Disk/ElProArc/PVDSS/projects_linux/PVDSS/PVDSS.h">
			<Option target="pvdss"/>
		</Unit>
		<Unit filename="/home/mikz-admin/Yandex.Disk/ElProArc/PVDSS/projects_linux/PVDSS/main.cpp">
			<Option target="pvdss"/>
		</Unit>
		<Unit filename="/home/mikz-admin/Yandex.Disk/ElProArc/PVDSS/projects_linux/build-PVDSS-unknown-u041fu043e u0443u043cu043eu043bu0447u0430u043du0438u044e/PVDSS.moc.rule">
			<Option target="pvdss"/>
		</Unit>
		<Unit filename="/home/mikz-admin/Yandex.Disk/ElProArc/PVDSS/projects_linux/PVDSS/CMakeLists.txt">
			<Option virtualFolder="CMake Files\"/>
		</Unit>
	</Project>
</CodeBlocks_project_file>
